
Microsoft Visual Studio Solution File, Format Version 12.00
# Visual Studio Version 16
VisualStudioVersion = 16.0.30309.148
MinimumVisualStudioVersion = 10.0.40219.1
Project("{FAE04EC0-301F-11D3-BF4B-00C04F79EFBC}") = "Taller1", "Taller1\Taller1.csproj", "{A890CC9C-8C63-4221-AEE4-737B2E77A3E1}"
EndProject
Global
	GlobalSection(SolutionConfigurationPlatforms) = preSolution
		Debug|Any CPU = Debug|Any CPU
		Release|Any CPU = Release|Any CPU
	EndGlobalSection
	GlobalSection(ProjectConfigurationPlatforms) = postSolution
		{A890CC9C-8C63-4221-AEE4-737B2E77A3E1}.Debug|Any CPU.ActiveCfg = Debug|Any CPU
		{A890CC9C-8C63-4221-AEE4-737B2E77A3E1}.Debug|Any CPU.Build.0 = Debug|Any CPU
		{A890CC9C-8C63-4221-AEE4-737B2E77A3E1}.Release|Any CPU.ActiveCfg = Release|Any CPU
		{A890CC9C-8C63-4221-AEE4-737B2E77A3E1}.Release|Any CPU.Build.0 = Release|Any CPU
	EndGlobalSection
	GlobalSection(SolutionProperties) = preSolution
		HideSolutionNode = FALSE
	EndGlobalSection
	GlobalSection(ExtensibilityGlobals) = postSolution
		SolutionGuid = {F23910DA-1A24-4D41-8FDC-4EF257042F32}
	EndGlobalSection
EndGlobal
